
Microsoft Visual Studio Solution File, Format Version 12.00
# Visual Studio Express 2013 for Windows Desktop
VisualStudioVersion = 12.0.31101.0
MinimumVisualStudioVersion = 10.0.40219.1
Project("{8BC9CEB8-8B4A-11D0-8D11-00A0C91BC942}") = "selection_sort", "selection_sort\selection_sort.vcxproj", "{2A90A233-6EF1-4734-9F38-EF5EA8B56300}"
EndProject
Project("{8BC9CEB8-8B4A-11D0-8D11-00A0C91BC942}") = "selection_sort_ut", "selection_sort_ut\selection_sort_ut.vcxproj", "{E8A197AA-D242-4190-984C-F97E15DB7C49}"
EndProject
Global
	GlobalSection(SolutionConfigurationPlatforms) = preSolution
		Debug|Win32 = Debug|Win32
		Release|Win32 = Release|Win32
	EndGlobalSection
	GlobalSection(ProjectConfigurationPlatforms) = postSolution
		{2A90A233-6EF1-4734-9F38-EF5EA8B56300}.Debug|Win32.ActiveCfg = Debug|Win32
		{2A90A233-6EF1-4734-9F38-EF5EA8B56300}.Debug|Win32.Build.0 = Debug|Win32
		{2A90A233-6EF1-4734-9F38-EF5EA8B56300}.Release|Win32.ActiveCfg = Release|Win32
		{2A90A233-6EF1-4734-9F38-EF5EA8B56300}.Release|Win32.Build.0 = Release|Win32
		{E8A197AA-D242-4190-984C-F97E15DB7C49}.Debug|Win32.ActiveCfg = Debug|Win32
		{E8A197AA-D242-4190-984C-F97E15DB7C49}.Debug|Win32.Build.0 = Debug|Win32
		{E8A197AA-D242-4190-984C-F97E15DB7C49}.Release|Win32.ActiveCfg = Release|Win32
		{E8A197AA-D242-4190-984C-F97E15DB7C49}.Release|Win32.Build.0 = Release|Win32
	EndGlobalSection
	GlobalSection(SolutionProperties) = preSolution
		HideSolutionNode = FALSE
	EndGlobalSection
EndGlobal
